{
    "_readme": [
        "This file locks the dependencies of your project to a known state",
        "Read more about it at https://getcomposer.org/doc/01-basic-usage.md#installing-dependencies",
        "This file is @generated automatically"
    ],
    "content-hash": "87e38287eb58a3937dfa41e818692db5",
    "packages": [
        {
            "name": "bluerhinos/phpmqtt",
            "version": "dev-master",
            "source": {
                "type": "git",
                "url": "https://github.com/bluerhinos/phpMQTT.git",
                "reference": "fe4b6b2fe3d1b651fe1456e147ad4f044fa70603"
            },
            "dist": {
                "type": "zip",
                "url": "https://api.github.com/repos/bluerhinos/phpMQTT/zipball/fe4b6b2fe3d1b651fe1456e147ad4f044fa70603",
                "reference": "fe4b6b2fe3d1b651fe1456e147ad4f044fa70603",
                "shasum": ""
            },
            "require": {
                "php": ">=7.2"
            },
            "default-branch": true,
            "type": "library",
            "autoload": {
                "psr-4": {
                    "Bluerhinos\\": "./"
                }
            },
            "notification-url": "https://packagist.org/downloads/",
            "license": [
                "BSD"
            ],
            "authors": [
                {
                    "name": "Andrew Milsted",
                    "email": "andrew@bluerhinos.co.uk"
                }
            ],
            "description": "Simple MQTT Class",
            "support": {
                "issues": "https://github.com/bluerhinos/phpMQTT/issues",
                "source": "https://github.com/bluerhinos/phpMQTT/tree/1.0.1"
            },
            "time": "2021-08-21T18:25:12+00:00"
        },
        {
            "name": "components/jquery",
            "version": "3.6.0",
            "source": {
                "type": "git",
                "url": "https://github.com/components/jquery.git",
                "reference": "6cf38ee1fd04b6adf8e7dda161283aa35be818c3"
            },
            "dist": {
                "type": "zip",
                "url": "https://api.github.com/repos/components/jquery/zipball/6cf38ee1fd04b6adf8e7dda161283aa35be818c3",
                "reference": "6cf38ee1fd04b6adf8e7dda161283aa35be818c3",
                "shasum": ""
            },
            "type": "component",
            "extra": {
                "component": {
                    "scripts": [
                        "jquery.js"
                    ],
                    "files": [
                        "jquery.min.js",
                        "jquery.min.map",
                        "jquery.slim.js",
                        "jquery.slim.min.js",
                        "jquery.slim.min.map"
                    ]
                }
            },
            "notification-url": "https://packagist.org/downloads/",
            "license": [
                "MIT"
            ],
            "authors": [
                {
                    "name": "JS Foundation and other contributors"
                }
            ],
            "description": "jQuery JavaScript Library",
            "homepage": "http://jquery.com",
            "support": {
                "forum": "http://forum.jquery.com",
                "irc": "irc://irc.freenode.org/jquery",
                "issues": "https://github.com/jquery/jquery/issues",
                "source": "https://github.com/jquery/jquery",
                "wiki": "http://docs.jquery.com/"
            },
            "time": "2021-03-20T19:13:42+00:00"
        },
        {
            "name": "erikflowers/weather-icons",
            "version": "2.0.10",
            "dist": {
                "type": "zip",
                "url": "https://github.com/erikflowers/weather-icons/archive/2.0.10.zip"
            },
            "type": "library"
        },
        {
            "name": "fortawesome/font-awesome",
            "version": "6.2.0",
            "source": {
                "type": "git",
                "url": "https://github.com/FortAwesome/Font-Awesome.git",
                "reference": "d3a7818c253fcbafff9ebd1d4abb2866c192e1d7"
            },
            "dist": {
                "type": "zip",
                "url": "https://api.github.com/repos/FortAwesome/Font-Awesome/zipball/d3a7818c253fcbafff9ebd1d4abb2866c192e1d7",
                "reference": "d3a7818c253fcbafff9ebd1d4abb2866c192e1d7",
                "shasum": ""
            },
            "type": "library",
            "notification-url": "https://packagist.org/downloads/",
            "license": [
                "CC-BY-4.0",
                "OFL-1.1",
                "MIT"
            ],
            "authors": [
                {
                    "name": "The Font Awesome Team",
                    "homepage": "https://github.com/orgs/FortAwesome/people"
                }
            ],
            "description": "The iconic font, CSS, and SVG framework",
            "homepage": "https://fontawesome.com",
            "keywords": [
                "FontAwesome",
                "awesome",
                "bootstrap",
                "font",
                "icon",
                "svg"
            ],
            "support": {
                "docs": "http://fontawesome.com/docs",
                "email": "hello@fontawesome.com",
                "issues": "https://github.com/FortAwesome/Font-Awesome/issues",
                "source": "https://github.com/FortAwesome/Font-Awesome"
            },
            "time": "2022-08-31T21:02:43+00:00"
        },
        {
            "name": "instantpage/instant.page",
            "version": "5.1.1",
            "dist": {
                "type": "zip",
                "url": "https://github.com/instantpage/instant.page/archive/v5.1.1.zip"
            },
            "type": "library"
        },
        {
            "name": "lokesh/lightbox2",
            "version": "2.11.3",
            "dist": {
                "type": "zip",
                "url": "https://github.com/lokesh/lightbox2/archive/v2.11.3.zip"
            },
            "type": "library"
        },
        {
            "name": "twbs/bootstrap",
            "version": "v5.2.1",
            "source": {
                "type": "git",
                "url": "https://github.com/twbs/bootstrap.git",
                "reference": "23e50829f958ea1d741d63e2781716be037e4644"
            },
            "dist": {
                "type": "zip",
                "url": "https://api.github.com/repos/twbs/bootstrap/zipball/23e50829f958ea1d741d63e2781716be037e4644",
                "reference": "23e50829f958ea1d741d63e2781716be037e4644",
                "shasum": ""
            },
            "replace": {
                "twitter/bootstrap": "self.version"
            },
            "type": "library",
            "notification-url": "https://packagist.org/downloads/",
            "license": [
                "MIT"
            ],
            "authors": [
                {
                    "name": "Mark Otto",
                    "email": "markdotto@gmail.com"
                },
                {
                    "name": "Jacob Thornton",
                    "email": "jacobthornton@gmail.com"
                }
            ],
            "description": "The most popular front-end framework for developing responsive, mobile first projects on the web.",
            "homepage": "https://getbootstrap.com/",
            "keywords": [
                "JS",
                "css",
                "framework",
                "front-end",
                "mobile-first",
                "responsive",
                "sass",
                "web"
            ],
            "support": {
                "issues": "https://github.com/twbs/bootstrap/issues",
                "source": "https://github.com/twbs/bootstrap/tree/v5.2.1"
            },
            "time": "2022-09-07T15:31:39+00:00"
        }
    ],
    "packages-dev": [
        {
            "name": "dprevite/lint",
            "version": "1.0.0",
            "source": {
                "type": "git",
                "url": "https://github.com/dprevite/lint.git",
                "reference": "7ff809333fa3917538c66024c90e987c1287be68"
            },
            "dist": {
                "type": "zip",
                "url": "https://api.github.com/repos/dprevite/lint/zipball/7ff809333fa3917538c66024c90e987c1287be68",
                "reference": "7ff809333fa3917538c66024c90e987c1287be68",
                "shasum": ""
            },
            "require": {
                "php": ">=5.1.2"
            },
            "bin": [
                "scripts/lint"
            ],
            "type": "library",
            "notification-url": "https://packagist.org/downloads/",
            "license": [
                "MIT"
            ],
            "authors": [
                {
                    "name": "Dan Previte"
                }
            ],
            "description": "Lint scans your code for PHP syntax errors.",
            "homepage": "http://github.com/dprevite/lint",
            "keywords": [
                "lint"
            ],
            "support": {
                "issues": "https://github.com/dprevite/lint/issues",
                "source": "https://github.com/dprevite/lint/tree/1.0.0"
            },
            "time": "2014-03-20T03:52:32+00:00"
        }
    ],
    "aliases": [],
    "minimum-stability": "stable",
    "stability-flags": {
        "bluerhinos/phpmqtt": 20
    },
    "prefer-stable": false,
    "prefer-lowest": false,
    "platform": {
        "php": ">=7.3",
        "ext-mysqli": "*",
        "ext-json": "*",
        "ext-curl": "*"
    },
    "platform-dev": [],
    "platform-overrides": {
        "ext-mysqli": "10.5"
    },
    "plugin-api-version": "2.3.0"
}
